
Microsoft Visual Studio Solution File, Format Version 12.00
# Visual Studio Version 17
VisualStudioVersion = 17.9.34310.174
MinimumVisualStudioVersion = 10.0.40219.1
Project("{9A19103F-16F7-4668-BE54-9A1E7A4F7556}") = "HealthPing", "Source\HealthPing.csproj", "{B0784E3B-E5B9-4687-8D5B-2304F4D59D9B}"
EndProject
Global
	GlobalSection(SolutionConfigurationPlatforms) = preSolution
		Debug|Any CPU = Debug|Any CPU
		Release|Any CPU = Release|Any CPU
	EndGlobalSection
	GlobalSection(ProjectConfigurationPlatforms) = postSolution
		{B0784E3B-E5B9-4687-8D5B-2304F4D59D9B}.Debug|Any CPU.ActiveCfg = Debug|Any CPU
		{B0784E3B-E5B9-4687-8D5B-2304F4D59D9B}.Debug|Any CPU.Build.0 = Debug|Any CPU
		{B0784E3B-E5B9-4687-8D5B-2304F4D59D9B}.Release|Any CPU.ActiveCfg = Release|Any CPU
		{B0784E3B-E5B9-4687-8D5B-2304F4D59D9B}.Release|Any CPU.Build.0 = Release|Any CPU
	EndGlobalSection
	GlobalSection(SolutionProperties) = preSolution
		HideSolutionNode = FALSE
	EndGlobalSection
	GlobalSection(ExtensibilityGlobals) = postSolution
		SolutionGuid = {311641BD-6645-4A42-A4A9-2FD650A78974}
	EndGlobalSection
EndGlobal
